// !$*UTF8*$!
{
	archiveVersion = 1;
	classes = {
	};
	objectVersion = 56;
	objects = {

/* Begin PBXBuildFile section */
		7A18BCC92BBC813100026A1C /* GridViewBootcamp.swift in Sources */ = {isa = PBXBuildFile; fileRef = 7A18BCC82BBC813100026A1C /* GridViewBootcamp.swift */; };
		7A18BCCB2BBC866D00026A1C /* ContentUnavailableViewBootcamp.swift in Sources */ = {isa = PBXBuildFile; fileRef = 7A18BCCA2BBC866D00026A1C /* ContentUnavailableViewBootcamp.swift */; };
		7A18BCCD2BBC884500026A1C /* ControlGroupMenuBootcamp.swift in Sources */ = {isa = PBXBuildFile; fileRef = 7A18BCCC2BBC884500026A1C /* ControlGroupMenuBootcamp.swift */; };
		7A3166702BB754770097A16E /* IfLetGuardBootcamp.swift in Sources */ = {isa = PBXBuildFile; fileRef = 7A31666F2BB754770097A16E /* IfLetGuardBootcamp.swift */; };
		7A3166722BB757E30097A16E /* TapGestureBootcamp.swift in Sources */ = {isa = PBXBuildFile; fileRef = 7A3166712BB757E30097A16E /* TapGestureBootcamp.swift */; };
		7A3166742BB759860097A16E /* ModelBootcamp.swift in Sources */ = {isa = PBXBuildFile; fileRef = 7A3166732BB759860097A16E /* ModelBootcamp.swift */; };
		7A3166762BB784210097A16E /* ViewModelBootcamp.swift in Sources */ = {isa = PBXBuildFile; fileRef = 7A3166752BB784210097A16E /* ViewModelBootcamp.swift */; };
		7A3166782BB78C810097A16E /* EnvironmentObjectBootcamp.swift in Sources */ = {isa = PBXBuildFile; fileRef = 7A3166772BB78C810097A16E /* EnvironmentObjectBootcamp.swift */; };
		7A31667A2BB796C50097A16E /* AppStorageBootcamp.swift in Sources */ = {isa = PBXBuildFile; fileRef = 7A3166792BB796C50097A16E /* AppStorageBootcamp.swift */; };
		7A31667D2BB8921F0097A16E /* IntroView.swift in Sources */ = {isa = PBXBuildFile; fileRef = 7A31667C2BB8921F0097A16E /* IntroView.swift */; };
		7A31667F2BB892DC0097A16E /* OnboardingView.swift in Sources */ = {isa = PBXBuildFile; fileRef = 7A31667E2BB892DC0097A16E /* OnboardingView.swift */; };
		7A3166832BB89F870097A16E /* ProfilePageView.swift in Sources */ = {isa = PBXBuildFile; fileRef = 7A3166822BB89F870097A16E /* ProfilePageView.swift */; };
		7A3166852BB8B5770097A16E /* AsyncImageBootcamp.swift in Sources */ = {isa = PBXBuildFile; fileRef = 7A3166842BB8B5770097A16E /* AsyncImageBootcamp.swift */; };
		7A3166872BB8B8910097A16E /* BackgroundMaterialsBootcamp.swift in Sources */ = {isa = PBXBuildFile; fileRef = 7A3166862BB8B8910097A16E /* BackgroundMaterialsBootcamp.swift */; };
		7A3166892BB8BCFD0097A16E /* TextSelectionBootcamp.swift in Sources */ = {isa = PBXBuildFile; fileRef = 7A3166882BB8BCFD0097A16E /* TextSelectionBootcamp.swift */; };
		7A31668B2BB8C0A10097A16E /* ButtonStylesBootcamp.swift in Sources */ = {isa = PBXBuildFile; fileRef = 7A31668A2BB8C0A10097A16E /* ButtonStylesBootcamp.swift */; };
		7A31668D2BB8C2D80097A16E /* ListSwipeActionsBootcamp.swift in Sources */ = {isa = PBXBuildFile; fileRef = 7A31668C2BB8C2D80097A16E /* ListSwipeActionsBootcamp.swift */; };
		7A31668F2BB8C4A70097A16E /* BadgesBootcamp.swift in Sources */ = {isa = PBXBuildFile; fileRef = 7A31668E2BB8C4A70097A16E /* BadgesBootcamp.swift */; };
		7A3166912BB8C5E10097A16E /* FocusStateBootcamp.swift in Sources */ = {isa = PBXBuildFile; fileRef = 7A3166902BB8C5E10097A16E /* FocusStateBootcamp.swift */; };
		7A3166932BB8E91A0097A16E /* SubmitTextFieldBootcamp.swift in Sources */ = {isa = PBXBuildFile; fileRef = 7A3166922BB8E91A0097A16E /* SubmitTextFieldBootcamp.swift */; };
		7A3166952BB8EA6F0097A16E /* NavigationStackBootcamp.swift in Sources */ = {isa = PBXBuildFile; fileRef = 7A3166942BB8EA6F0097A16E /* NavigationStackBootcamp.swift */; };
		7A3166972BB8EED70097A16E /* ToolbarBootcamp.swift in Sources */ = {isa = PBXBuildFile; fileRef = 7A3166962BB8EED70097A16E /* ToolbarBootcamp.swift */; };
		7A3166992BBB26E60097A16E /* ResizableSheetsBootcamp.swift in Sources */ = {isa = PBXBuildFile; fileRef = 7A3166982BBB26E60097A16E /* ResizableSheetsBootcamp.swift */; };
		7A31669B2BBB451F0097A16E /* SafeAreaInsetBootcamp.swift in Sources */ = {isa = PBXBuildFile; fileRef = 7A31669A2BBB451F0097A16E /* SafeAreaInsetBootcamp.swift */; };
		7A31669D2BBB474E0097A16E /* GroupBootcamp.swift in Sources */ = {isa = PBXBuildFile; fileRef = 7A31669C2BBB474E0097A16E /* GroupBootcamp.swift */; };
		7A31669F2BBB481F0097A16E /* AnimationsUpdatedBootcamp.swift in Sources */ = {isa = PBXBuildFile; fileRef = 7A31669E2BBB481F0097A16E /* AnimationsUpdatedBootcamp.swift */; };
		7A3166A12BBB5F0C0097A16E /* MenuBootcamp.swift in Sources */ = {isa = PBXBuildFile; fileRef = 7A3166A02BBB5F0C0097A16E /* MenuBootcamp.swift */; };
		7A3166A32BBB62180097A16E /* NativePopoverBootcamp.swift in Sources */ = {isa = PBXBuildFile; fileRef = 7A3166A22BBB62180097A16E /* NativePopoverBootcamp.swift */; };
		7A3166A52BBB65EE0097A16E /* AnyLayoutBootcamp.swift in Sources */ = {isa = PBXBuildFile; fileRef = 7A3166A42BBB65EE0097A16E /* AnyLayoutBootcamp.swift */; };
		7A3166A72BBB6B8A0097A16E /* ViewThatFitsBootcamp.swift in Sources */ = {isa = PBXBuildFile; fileRef = 7A3166A62BBB6B8A0097A16E /* ViewThatFitsBootcamp.swift */; };
		7A3166A92BBB6DC20097A16E /* NavigationSplitViewBootcamp.swift in Sources */ = {isa = PBXBuildFile; fileRef = 7A3166A82BBB6DC20097A16E /* NavigationSplitViewBootcamp.swift */; };
		7A48F09E2BAB91C3008A07BE /* TransitionBootcamp.swift in Sources */ = {isa = PBXBuildFile; fileRef = 7A48F09D2BAB91C3008A07BE /* TransitionBootcamp.swift */; };
		7A48F0A02BAB9509008A07BE /* SheetsBootcamp.swift in Sources */ = {isa = PBXBuildFile; fileRef = 7A48F09F2BAB9509008A07BE /* SheetsBootcamp.swift */; };
		7A48F0A22BAD03BC008A07BE /* NavigationViewBootcamp.swift in Sources */ = {isa = PBXBuildFile; fileRef = 7A48F0A12BAD03BC008A07BE /* NavigationViewBootcamp.swift */; };
		7A48F0A42BAD077F008A07BE /* ListsBootcamp.swift in Sources */ = {isa = PBXBuildFile; fileRef = 7A48F0A32BAD077F008A07BE /* ListsBootcamp.swift */; };
		7A48F0A62BAF61D2008A07BE /* AlertsBootcamp.swift in Sources */ = {isa = PBXBuildFile; fileRef = 7A48F0A52BAF61D2008A07BE /* AlertsBootcamp.swift */; };
		7A48F0A82BAF9543008A07BE /* ActionSheetsBootcamp.swift in Sources */ = {isa = PBXBuildFile; fileRef = 7A48F0A72BAF9543008A07BE /* ActionSheetsBootcamp.swift */; };
		7A48F0AA2BAFA3D8008A07BE /* ContextMenuBootcamp.swift in Sources */ = {isa = PBXBuildFile; fileRef = 7A48F0A92BAFA3D8008A07BE /* ContextMenuBootcamp.swift */; };
		7A48F0AC2BAFA615008A07BE /* TextFieldBootcamp.swift in Sources */ = {isa = PBXBuildFile; fileRef = 7A48F0AB2BAFA615008A07BE /* TextFieldBootcamp.swift */; };
		7A48F0AE2BAFA965008A07BE /* TextEditorBootcamp.swift in Sources */ = {isa = PBXBuildFile; fileRef = 7A48F0AD2BAFA965008A07BE /* TextEditorBootcamp.swift */; };
		7A48F0B02BB0CBE2008A07BE /* ToggleBootcamp.swift in Sources */ = {isa = PBXBuildFile; fileRef = 7A48F0AF2BB0CBE2008A07BE /* ToggleBootcamp.swift */; };
		7A48F0B22BB0CD09008A07BE /* PickerBootcamp.swift in Sources */ = {isa = PBXBuildFile; fileRef = 7A48F0B12BB0CD09008A07BE /* PickerBootcamp.swift */; };
		7A48F0B42BB0D34B008A07BE /* ColorPickerBootcamp.swift in Sources */ = {isa = PBXBuildFile; fileRef = 7A48F0B32BB0D34B008A07BE /* ColorPickerBootcamp.swift */; };
		7A48F0B62BB0D479008A07BE /* DatePickerBootcamp.swift in Sources */ = {isa = PBXBuildFile; fileRef = 7A48F0B52BB0D479008A07BE /* DatePickerBootcamp.swift */; };
		7A48F0B82BB0E9D5008A07BE /* StepperBootcamp.swift in Sources */ = {isa = PBXBuildFile; fileRef = 7A48F0B72BB0E9D5008A07BE /* StepperBootcamp.swift */; };
		7A48F0BA2BB0EB62008A07BE /* SliderBootcamp.swift in Sources */ = {isa = PBXBuildFile; fileRef = 7A48F0B92BB0EB62008A07BE /* SliderBootcamp.swift */; };
		7A48F0BC2BB0EE3A008A07BE /* TabViewBootcamp.swift in Sources */ = {isa = PBXBuildFile; fileRef = 7A48F0BB2BB0EE3A008A07BE /* TabViewBootcamp.swift */; };
		7A48F0BE2BB0F23C008A07BE /* PageTabViewBootcamp.swift in Sources */ = {isa = PBXBuildFile; fileRef = 7A48F0BD2BB0F23C008A07BE /* PageTabViewBootcamp.swift */; };
		7A48F0C02BB0F413008A07BE /* DarkModeBootcamp.swift in Sources */ = {isa = PBXBuildFile; fileRef = 7A48F0BF2BB0F413008A07BE /* DarkModeBootcamp.swift */; };
		7A48F0C22BB0F663008A07BE /* DocumentationBootcamp.swift in Sources */ = {isa = PBXBuildFile; fileRef = 7A48F0C12BB0F663008A07BE /* DocumentationBootcamp.swift */; };
		7A48F0C42BB10344008A07BE /* OnAppearBootcamp.swift in Sources */ = {isa = PBXBuildFile; fileRef = 7A48F0C32BB10344008A07BE /* OnAppearBootcamp.swift */; };
		7ABD31752B792A2600E2083C /* SwiftUI_BootcampApp.swift in Sources */ = {isa = PBXBuildFile; fileRef = 7ABD31742B792A2600E2083C /* SwiftUI_BootcampApp.swift */; };
		7ABD31772B792A2600E2083C /* ContentView.swift in Sources */ = {isa = PBXBuildFile; fileRef = 7ABD31762B792A2600E2083C /* ContentView.swift */; };
		7ABD31792B792A2700E2083C /* Assets.xcassets in Resources */ = {isa = PBXBuildFile; fileRef = 7ABD31782B792A2700E2083C /* Assets.xcassets */; };
		7ABD317C2B792A2700E2083C /* Preview Assets.xcassets in Resources */ = {isa = PBXBuildFile; fileRef = 7ABD317B2B792A2700E2083C /* Preview Assets.xcassets */; };
		7ABD31832B792C8100E2083C /* TextBootcamp.swift in Sources */ = {isa = PBXBuildFile; fileRef = 7ABD31822B792C8100E2083C /* TextBootcamp.swift */; };
		7ABD31852B79305200E2083C /* ShapesBootcamp.swift in Sources */ = {isa = PBXBuildFile; fileRef = 7ABD31842B79305200E2083C /* ShapesBootcamp.swift */; };
		7ABD31872B79333200E2083C /* ColorsBootcamp.swift in Sources */ = {isa = PBXBuildFile; fileRef = 7ABD31862B79333200E2083C /* ColorsBootcamp.swift */; };
		7ABD31892B79383800E2083C /* GradientsBootcamp.swift in Sources */ = {isa = PBXBuildFile; fileRef = 7ABD31882B79383800E2083C /* GradientsBootcamp.swift */; };
		7ABD318B2B793CFC00E2083C /* IconsBootcamp.swift in Sources */ = {isa = PBXBuildFile; fileRef = 7ABD318A2B793CFC00E2083C /* IconsBootcamp.swift */; };
		7ABD318D2B793F2700E2083C /* ImagesBootcamp.swift in Sources */ = {isa = PBXBuildFile; fileRef = 7ABD318C2B793F2700E2083C /* ImagesBootcamp.swift */; };
		7ABD318F2B79751000E2083C /* FrameBootcamp.swift in Sources */ = {isa = PBXBuildFile; fileRef = 7ABD318E2B79751000E2083C /* FrameBootcamp.swift */; };
		7ABD31912B79773900E2083C /* BackgroundAndOverlayBootcamp.swift in Sources */ = {isa = PBXBuildFile; fileRef = 7ABD31902B79773900E2083C /* BackgroundAndOverlayBootcamp.swift */; };
		7ABD31932B7A9B8C00E2083C /* StacksBootcamp.swift in Sources */ = {isa = PBXBuildFile; fileRef = 7ABD31922B7A9B8C00E2083C /* StacksBootcamp.swift */; };
		7ABD31952B7A9F4000E2083C /* PaddingAndSpacerBootcamp.swift in Sources */ = {isa = PBXBuildFile; fileRef = 7ABD31942B7A9F4000E2083C /* PaddingAndSpacerBootcamp.swift */; };
		7ADC17F22B869E5900CC1793 /* SpacerBootcamp.swift in Sources */ = {isa = PBXBuildFile; fileRef = 7ADC17F12B869E5900CC1793 /* SpacerBootcamp.swift */; };
		7ADC17F42B86A1E300CC1793 /* InitializerBootcamp.swift in Sources */ = {isa = PBXBuildFile; fileRef = 7ADC17F32B86A1E300CC1793 /* InitializerBootcamp.swift */; };
		7ADC17F62B86A55100CC1793 /* ForEachBootcamp.swift in Sources */ = {isa = PBXBuildFile; fileRef = 7ADC17F52B86A55100CC1793 /* ForEachBootcamp.swift */; };
		7ADC17F82B86A7DC00CC1793 /* ScrollViewBootcamp.swift in Sources */ = {isa = PBXBuildFile; fileRef = 7ADC17F72B86A7DC00CC1793 /* ScrollViewBootcamp.swift */; };
		7AE2EC072BA8C09D009CB019 /* SafeAreaBootcamp.swift in Sources */ = {isa = PBXBuildFile; fileRef = 7AE2EC062BA8C09D009CB019 /* SafeAreaBootcamp.swift */; };
		7AE2EC092BA8C562009CB019 /* ButtonsBootcamp.swift in Sources */ = {isa = PBXBuildFile; fileRef = 7AE2EC082BA8C562009CB019 /* ButtonsBootcamp.swift */; };
		7AE2EC0B2BA8CFCD009CB019 /* StateBootcamp.swift in Sources */ = {isa = PBXBuildFile; fileRef = 7AE2EC0A2BA8CFCD009CB019 /* StateBootcamp.swift */; };
		7AE2EC0D2BA8D1D4009CB019 /* ExtractedFunctionsBootcamp.swift in Sources */ = {isa = PBXBuildFile; fileRef = 7AE2EC0C2BA8D1D4009CB019 /* ExtractedFunctionsBootcamp.swift */; };
		7AE2EC0F2BA8D4AE009CB019 /* ExtractSubviewsBootcamp.swift in Sources */ = {isa = PBXBuildFile; fileRef = 7AE2EC0E2BA8D4AE009CB019 /* ExtractSubviewsBootcamp.swift */; };
		7AE2EC112BA8D8F2009CB019 /* BindingBootcamp.swift in Sources */ = {isa = PBXBuildFile; fileRef = 7AE2EC102BA8D8F2009CB019 /* BindingBootcamp.swift */; };
		7AE2EC132BA8DB4B009CB019 /* ConditionalBootcamp.swift in Sources */ = {isa = PBXBuildFile; fileRef = 7AE2EC122BA8DB4B009CB019 /* ConditionalBootcamp.swift */; };
		7AE2EC152BA8DE82009CB019 /* TernaryBootcamp.swift in Sources */ = {isa = PBXBuildFile; fileRef = 7AE2EC142BA8DE82009CB019 /* TernaryBootcamp.swift */; };
		7AE2EC172BA8F714009CB019 /* AnimationBootcamp.swift in Sources */ = {isa = PBXBuildFile; fileRef = 7AE2EC162BA8F714009CB019 /* AnimationBootcamp.swift */; };
		7AE2EC192BA8FA69009CB019 /* AnimationTimingBootcamp.swift in Sources */ = {isa = PBXBuildFile; fileRef = 7AE2EC182BA8FA69009CB019 /* AnimationTimingBootcamp.swift */; };
/* End PBXBuildFile section */

/* Begin PBXFileReference section */
		7A18BCC82BBC813100026A1C /* GridViewBootcamp.swift */ = {isa = PBXFileReference; lastKnownFileType = sourcecode.swift; path = GridViewBootcamp.swift; sourceTree = "<group>"; };
		7A18BCCA2BBC866D00026A1C /* ContentUnavailableViewBootcamp.swift */ = {isa = PBXFileReference; lastKnownFileType = sourcecode.swift; path = ContentUnavailableViewBootcamp.swift; sourceTree = "<group>"; };
		7A18BCCC2BBC884500026A1C /* ControlGroupMenuBootcamp.swift */ = {isa = PBXFileReference; lastKnownFileType = sourcecode.swift; path = ControlGroupMenuBootcamp.swift; sourceTree = "<group>"; };
		7A31666F2BB754770097A16E /* IfLetGuardBootcamp.swift */ = {isa = PBXFileReference; lastKnownFileType = sourcecode.swift; path = IfLetGuardBootcamp.swift; sourceTree = "<group>"; };
		7A3166712BB757E30097A16E /* TapGestureBootcamp.swift */ = {isa = PBXFileReference; lastKnownFileType = sourcecode.swift; path = TapGestureBootcamp.swift; sourceTree = "<group>"; };
		7A3166732BB759860097A16E /* ModelBootcamp.swift */ = {isa = PBXFileReference; lastKnownFileType = sourcecode.swift; path = ModelBootcamp.swift; sourceTree = "<group>"; };
		7A3166752BB784210097A16E /* ViewModelBootcamp.swift */ = {isa = PBXFileReference; lastKnownFileType = sourcecode.swift; path = ViewModelBootcamp.swift; sourceTree = "<group>"; };
		7A3166772BB78C810097A16E /* EnvironmentObjectBootcamp.swift */ = {isa = PBXFileReference; lastKnownFileType = sourcecode.swift; path = EnvironmentObjectBootcamp.swift; sourceTree = "<group>"; };
		7A3166792BB796C50097A16E /* AppStorageBootcamp.swift */ = {isa = PBXFileReference; lastKnownFileType = sourcecode.swift; path = AppStorageBootcamp.swift; sourceTree = "<group>"; };
		7A31667C2BB8921F0097A16E /* IntroView.swift */ = {isa = PBXFileReference; lastKnownFileType = sourcecode.swift; path = IntroView.swift; sourceTree = "<group>"; };
		7A31667E2BB892DC0097A16E /* OnboardingView.swift */ = {isa = PBXFileReference; lastKnownFileType = sourcecode.swift; path = OnboardingView.swift; sourceTree = "<group>"; };
		7A3166822BB89F870097A16E /* ProfilePageView.swift */ = {isa = PBXFileReference; lastKnownFileType = sourcecode.swift; path = ProfilePageView.swift; sourceTree = "<group>"; };
		7A3166842BB8B5770097A16E /* AsyncImageBootcamp.swift */ = {isa = PBXFileReference; lastKnownFileType = sourcecode.swift; path = AsyncImageBootcamp.swift; sourceTree = "<group>"; };
		7A3166862BB8B8910097A16E /* BackgroundMaterialsBootcamp.swift */ = {isa = PBXFileReference; lastKnownFileType = sourcecode.swift; path = BackgroundMaterialsBootcamp.swift; sourceTree = "<group>"; };
		7A3166882BB8BCFD0097A16E /* TextSelectionBootcamp.swift */ = {isa = PBXFileReference; lastKnownFileType = sourcecode.swift; path = TextSelectionBootcamp.swift; sourceTree = "<group>"; };
		7A31668A2BB8C0A10097A16E /* ButtonStylesBootcamp.swift */ = {isa = PBXFileReference; lastKnownFileType = sourcecode.swift; path = ButtonStylesBootcamp.swift; sourceTree = "<group>"; };
		7A31668C2BB8C2D80097A16E /* ListSwipeActionsBootcamp.swift */ = {isa = PBXFileReference; lastKnownFileType = sourcecode.swift; path = ListSwipeActionsBootcamp.swift; sourceTree = "<group>"; };
		7A31668E2BB8C4A70097A16E /* BadgesBootcamp.swift */ = {isa = PBXFileReference; lastKnownFileType = sourcecode.swift; path = BadgesBootcamp.swift; sourceTree = "<group>"; };
		7A3166902BB8C5E10097A16E /* FocusStateBootcamp.swift */ = {isa = PBXFileReference; lastKnownFileType = sourcecode.swift; path = FocusStateBootcamp.swift; sourceTree = "<group>"; };
		7A3166922BB8E91A0097A16E /* SubmitTextFieldBootcamp.swift */ = {isa = PBXFileReference; lastKnownFileType = sourcecode.swift; path = SubmitTextFieldBootcamp.swift; sourceTree = "<group>"; };
		7A3166942BB8EA6F0097A16E /* NavigationStackBootcamp.swift */ = {isa = PBXFileReference; lastKnownFileType = sourcecode.swift; path = NavigationStackBootcamp.swift; sourceTree = "<group>"; };
		7A3166962BB8EED70097A16E /* ToolbarBootcamp.swift */ = {isa = PBXFileReference; lastKnownFileType = sourcecode.swift; path = ToolbarBootcamp.swift; sourceTree = "<group>"; };
		7A3166982BBB26E60097A16E /* ResizableSheetsBootcamp.swift */ = {isa = PBXFileReference; lastKnownFileType = sourcecode.swift; path = ResizableSheetsBootcamp.swift; sourceTree = "<group>"; };
		7A31669A2BBB451F0097A16E /* SafeAreaInsetBootcamp.swift */ = {isa = PBXFileReference; lastKnownFileType = sourcecode.swift; path = SafeAreaInsetBootcamp.swift; sourceTree = "<group>"; };
		7A31669C2BBB474E0097A16E /* GroupBootcamp.swift */ = {isa = PBXFileReference; lastKnownFileType = sourcecode.swift; path = GroupBootcamp.swift; sourceTree = "<group>"; };
		7A31669E2BBB481F0097A16E /* AnimationsUpdatedBootcamp.swift */ = {isa = PBXFileReference; lastKnownFileType = sourcecode.swift; path = AnimationsUpdatedBootcamp.swift; sourceTree = "<group>"; };
		7A3166A02BBB5F0C0097A16E /* MenuBootcamp.swift */ = {isa = PBXFileReference; lastKnownFileType = sourcecode.swift; path = MenuBootcamp.swift; sourceTree = "<group>"; };
		7A3166A22BBB62180097A16E /* NativePopoverBootcamp.swift */ = {isa = PBXFileReference; lastKnownFileType = sourcecode.swift; path = NativePopoverBootcamp.swift; sourceTree = "<group>"; };
		7A3166A42BBB65EE0097A16E /* AnyLayoutBootcamp.swift */ = {isa = PBXFileReference; lastKnownFileType = sourcecode.swift; path = AnyLayoutBootcamp.swift; sourceTree = "<group>"; };
		7A3166A62BBB6B8A0097A16E /* ViewThatFitsBootcamp.swift */ = {isa = PBXFileReference; lastKnownFileType = sourcecode.swift; path = ViewThatFitsBootcamp.swift; sourceTree = "<group>"; };
		7A3166A82BBB6DC20097A16E /* NavigationSplitViewBootcamp.swift */ = {isa = PBXFileReference; lastKnownFileType = sourcecode.swift; path = NavigationSplitViewBootcamp.swift; sourceTree = "<group>"; };
		7A48F09D2BAB91C3008A07BE /* TransitionBootcamp.swift */ = {isa = PBXFileReference; lastKnownFileType = sourcecode.swift; path = TransitionBootcamp.swift; sourceTree = "<group>"; };
		7A48F09F2BAB9509008A07BE /* SheetsBootcamp.swift */ = {isa = PBXFileReference; lastKnownFileType = sourcecode.swift; path = SheetsBootcamp.swift; sourceTree = "<group>"; };
		7A48F0A12BAD03BC008A07BE /* NavigationViewBootcamp.swift */ = {isa = PBXFileReference; lastKnownFileType = sourcecode.swift; path = NavigationViewBootcamp.swift; sourceTree = "<group>"; };
		7A48F0A32BAD077F008A07BE /* ListsBootcamp.swift */ = {isa = PBXFileReference; lastKnownFileType = sourcecode.swift; path = ListsBootcamp.swift; sourceTree = "<group>"; };
		7A48F0A52BAF61D2008A07BE /* AlertsBootcamp.swift */ = {isa = PBXFileReference; lastKnownFileType = sourcecode.swift; path = AlertsBootcamp.swift; sourceTree = "<group>"; };
		7A48F0A72BAF9543008A07BE /* ActionSheetsBootcamp.swift */ = {isa = PBXFileReference; lastKnownFileType = sourcecode.swift; path = ActionSheetsBootcamp.swift; sourceTree = "<group>"; };
		7A48F0A92BAFA3D8008A07BE /* ContextMenuBootcamp.swift */ = {isa = PBXFileReference; lastKnownFileType = sourcecode.swift; path = ContextMenuBootcamp.swift; sourceTree = "<group>"; };
		7A48F0AB2BAFA615008A07BE /* TextFieldBootcamp.swift */ = {isa = PBXFileReference; lastKnownFileType = sourcecode.swift; path = TextFieldBootcamp.swift; sourceTree = "<group>"; };
		7A48F0AD2BAFA965008A07BE /* TextEditorBootcamp.swift */ = {isa = PBXFileReference; lastKnownFileType = sourcecode.swift; path = TextEditorBootcamp.swift; sourceTree = "<group>"; };
		7A48F0AF2BB0CBE2008A07BE /* ToggleBootcamp.swift */ = {isa = PBXFileReference; lastKnownFileType = sourcecode.swift; path = ToggleBootcamp.swift; sourceTree = "<group>"; };
		7A48F0B12BB0CD09008A07BE /* PickerBootcamp.swift */ = {isa = PBXFileReference; lastKnownFileType = sourcecode.swift; path = PickerBootcamp.swift; sourceTree = "<group>"; };
		7A48F0B32BB0D34B008A07BE /* ColorPickerBootcamp.swift */ = {isa = PBXFileReference; lastKnownFileType = sourcecode.swift; path = ColorPickerBootcamp.swift; sourceTree = "<group>"; };
		7A48F0B52BB0D479008A07BE /* DatePickerBootcamp.swift */ = {isa = PBXFileReference; lastKnownFileType = sourcecode.swift; path = DatePickerBootcamp.swift; sourceTree = "<group>"; };
		7A48F0B72BB0E9D5008A07BE /* StepperBootcamp.swift */ = {isa = PBXFileReference; lastKnownFileType = sourcecode.swift; path = StepperBootcamp.swift; sourceTree = "<group>"; };
		7A48F0B92BB0EB62008A07BE /* SliderBootcamp.swift */ = {isa = PBXFileReference; lastKnownFileType = sourcecode.swift; path = SliderBootcamp.swift; sourceTree = "<group>"; };
		7A48F0BB2BB0EE3A008A07BE /* TabViewBootcamp.swift */ = {isa = PBXFileReference; lastKnownFileType = sourcecode.swift; path = TabViewBootcamp.swift; sourceTree = "<group>"; };
		7A48F0BD2BB0F23C008A07BE /* PageTabViewBootcamp.swift */ = {isa = PBXFileReference; lastKnownFileType = sourcecode.swift; path = PageTabViewBootcamp.swift; sourceTree = "<group>"; };
		7A48F0BF2BB0F413008A07BE /* DarkModeBootcamp.swift */ = {isa = PBXFileReference; lastKnownFileType = sourcecode.swift; path = DarkModeBootcamp.swift; sourceTree = "<group>"; };
		7A48F0C12BB0F663008A07BE /* DocumentationBootcamp.swift */ = {isa = PBXFileReference; lastKnownFileType = sourcecode.swift; path = DocumentationBootcamp.swift; sourceTree = "<group>"; };
		7A48F0C32BB10344008A07BE /* OnAppearBootcamp.swift */ = {isa = PBXFileReference; lastKnownFileType = sourcecode.swift; path = OnAppearBootcamp.swift; sourceTree = "<group>"; };
		7ABD31712B792A2600E2083C /* SwiftUI_Bootcamp.app */ = {isa = PBXFileReference; explicitFileType = wrapper.application; includeInIndex = 0; path = SwiftUI_Bootcamp.app; sourceTree = BUILT_PRODUCTS_DIR; };
		7ABD31742B792A2600E2083C /* SwiftUI_BootcampApp.swift */ = {isa = PBXFileReference; lastKnownFileType = sourcecode.swift; path = SwiftUI_BootcampApp.swift; sourceTree = "<group>"; };
		7ABD31762B792A2600E2083C /* ContentView.swift */ = {isa = PBXFileReference; lastKnownFileType = sourcecode.swift; path = ContentView.swift; sourceTree = "<group>"; };
		7ABD31782B792A2700E2083C /* Assets.xcassets */ = {isa = PBXFileReference; lastKnownFileType = folder.assetcatalog; path = Assets.xcassets; sourceTree = "<group>"; };
		7ABD317B2B792A2700E2083C /* Preview Assets.xcassets */ = {isa = PBXFileReference; lastKnownFileType = folder.assetcatalog; path = "Preview Assets.xcassets"; sourceTree = "<group>"; };
		7ABD31822B792C8100E2083C /* TextBootcamp.swift */ = {isa = PBXFileReference; lastKnownFileType = sourcecode.swift; path = TextBootcamp.swift; sourceTree = "<group>"; };
		7ABD31842B79305200E2083C /* ShapesBootcamp.swift */ = {isa = PBXFileReference; lastKnownFileType = sourcecode.swift; path = ShapesBootcamp.swift; sourceTree = "<group>"; };
		7ABD31862B79333200E2083C /* ColorsBootcamp.swift */ = {isa = PBXFileReference; lastKnownFileType = sourcecode.swift; path = ColorsBootcamp.swift; sourceTree = "<group>"; };
		7ABD31882B79383800E2083C /* GradientsBootcamp.swift */ = {isa = PBXFileReference; lastKnownFileType = sourcecode.swift; path = GradientsBootcamp.swift; sourceTree = "<group>"; };
		7ABD318A2B793CFC00E2083C /* IconsBootcamp.swift */ = {isa = PBXFileReference; lastKnownFileType = sourcecode.swift; path = IconsBootcamp.swift; sourceTree = "<group>"; };
		7ABD318C2B793F2700E2083C /* ImagesBootcamp.swift */ = {isa = PBXFileReference; lastKnownFileType = sourcecode.swift; path = ImagesBootcamp.swift; sourceTree = "<group>"; };
		7ABD318E2B79751000E2083C /* FrameBootcamp.swift */ = {isa = PBXFileReference; lastKnownFileType = sourcecode.swift; path = FrameBootcamp.swift; sourceTree = "<group>"; };
		7ABD31902B79773900E2083C /* BackgroundAndOverlayBootcamp.swift */ = {isa = PBXFileReference; lastKnownFileType = sourcecode.swift; path = BackgroundAndOverlayBootcamp.swift; sourceTree = "<group>"; };
		7ABD31922B7A9B8C00E2083C /* StacksBootcamp.swift */ = {isa = PBXFileReference; lastKnownFileType = sourcecode.swift; path = StacksBootcamp.swift; sourceTree = "<group>"; };
		7ABD31942B7A9F4000E2083C /* PaddingAndSpacerBootcamp.swift */ = {isa = PBXFileReference; lastKnownFileType = sourcecode.swift; path = PaddingAndSpacerBootcamp.swift; sourceTree = "<group>"; };
		7ADC17F12B869E5900CC1793 /* SpacerBootcamp.swift */ = {isa = PBXFileReference; lastKnownFileType = sourcecode.swift; path = SpacerBootcamp.swift; sourceTree = "<group>"; };
		7ADC17F32B86A1E300CC1793 /* InitializerBootcamp.swift */ = {isa = PBXFileReference; lastKnownFileType = sourcecode.swift; path = InitializerBootcamp.swift; sourceTree = "<group>"; };
		7ADC17F52B86A55100CC1793 /* ForEachBootcamp.swift */ = {isa = PBXFileReference; lastKnownFileType = sourcecode.swift; path = ForEachBootcamp.swift; sourceTree = "<group>"; };
		7ADC17F72B86A7DC00CC1793 /* ScrollViewBootcamp.swift */ = {isa = PBXFileReference; lastKnownFileType = sourcecode.swift; path = ScrollViewBootcamp.swift; sourceTree = "<group>"; };
		7AE2EC062BA8C09D009CB019 /* SafeAreaBootcamp.swift */ = {isa = PBXFileReference; lastKnownFileType = sourcecode.swift; path = SafeAreaBootcamp.swift; sourceTree = "<group>"; };
		7AE2EC082BA8C562009CB019 /* ButtonsBootcamp.swift */ = {isa = PBXFileReference; lastKnownFileType = sourcecode.swift; path = ButtonsBootcamp.swift; sourceTree = "<group>"; };
		7AE2EC0A2BA8CFCD009CB019 /* StateBootcamp.swift */ = {isa = PBXFileReference; lastKnownFileType = sourcecode.swift; path = StateBootcamp.swift; sourceTree = "<group>"; };
		7AE2EC0C2BA8D1D4009CB019 /* ExtractedFunctionsBootcamp.swift */ = {isa = PBXFileReference; lastKnownFileType = sourcecode.swift; path = ExtractedFunctionsBootcamp.swift; sourceTree = "<group>"; };
		7AE2EC0E2BA8D4AE009CB019 /* ExtractSubviewsBootcamp.swift */ = {isa = PBXFileReference; lastKnownFileType = sourcecode.swift; path = ExtractSubviewsBootcamp.swift; sourceTree = "<group>"; };
		7AE2EC102BA8D8F2009CB019 /* BindingBootcamp.swift */ = {isa = PBXFileReference; lastKnownFileType = sourcecode.swift; path = BindingBootcamp.swift; sourceTree = "<group>"; };
		7AE2EC122BA8DB4B009CB019 /* ConditionalBootcamp.swift */ = {isa = PBXFileReference; lastKnownFileType = sourcecode.swift; path = ConditionalBootcamp.swift; sourceTree = "<group>"; };
		7AE2EC142BA8DE82009CB019 /* TernaryBootcamp.swift */ = {isa = PBXFileReference; lastKnownFileType = sourcecode.swift; path = TernaryBootcamp.swift; sourceTree = "<group>"; };
		7AE2EC162BA8F714009CB019 /* AnimationBootcamp.swift */ = {isa = PBXFileReference; lastKnownFileType = sourcecode.swift; path = AnimationBootcamp.swift; sourceTree = "<group>"; };
		7AE2EC182BA8FA69009CB019 /* AnimationTimingBootcamp.swift */ = {isa = PBXFileReference; lastKnownFileType = sourcecode.swift; path = AnimationTimingBootcamp.swift; sourceTree = "<group>"; };
/* End PBXFileReference section */

/* Begin PBXFrameworksBuildPhase section */
		7ABD316E2B792A2600E2083C /* Frameworks */ = {
			isa = PBXFrameworksBuildPhase;
			buildActionMask = 2147483647;
			files = (
			);
			runOnlyForDeploymentPostprocessing = 0;
		};
/* End PBXFrameworksBuildPhase section */

/* Begin PBXGroup section */
		7A31667B2BB892070097A16E /* OnboardingViews */ = {
			isa = PBXGroup;
			children = (
				7A31667C2BB8921F0097A16E /* IntroView.swift */,
				7A31667E2BB892DC0097A16E /* OnboardingView.swift */,
				7A3166822BB89F870097A16E /* ProfilePageView.swift */,
			);
			path = OnboardingViews;
			sourceTree = "<group>";
		};
		7ABD31682B792A2600E2083C = {
			isa = PBXGroup;
			children = (
				7ABD31732B792A2600E2083C /* SwiftUI_Bootcamp */,
				7ABD31722B792A2600E2083C /* Products */,
			);
			sourceTree = "<group>";
		};
		7ABD31722B792A2600E2083C /* Products */ = {
			isa = PBXGroup;
			children = (
				7ABD31712B792A2600E2083C /* SwiftUI_Bootcamp.app */,
			);
			name = Products;
			sourceTree = "<group>";
		};
		7ABD31732B792A2600E2083C /* SwiftUI_Bootcamp */ = {
			isa = PBXGroup;
			children = (
				7ABD31742B792A2600E2083C /* SwiftUI_BootcampApp.swift */,
				7ABD31762B792A2600E2083C /* ContentView.swift */,
				7ABD31822B792C8100E2083C /* TextBootcamp.swift */,
				7ABD31842B79305200E2083C /* ShapesBootcamp.swift */,
				7ABD31862B79333200E2083C /* ColorsBootcamp.swift */,
				7ABD31882B79383800E2083C /* GradientsBootcamp.swift */,
				7ABD318A2B793CFC00E2083C /* IconsBootcamp.swift */,
				7ABD318C2B793F2700E2083C /* ImagesBootcamp.swift */,
				7ABD318E2B79751000E2083C /* FrameBootcamp.swift */,
				7ABD31902B79773900E2083C /* BackgroundAndOverlayBootcamp.swift */,
				7ABD31922B7A9B8C00E2083C /* StacksBootcamp.swift */,
				7ABD31942B7A9F4000E2083C /* PaddingAndSpacerBootcamp.swift */,
				7ADC17F12B869E5900CC1793 /* SpacerBootcamp.swift */,
				7ADC17F32B86A1E300CC1793 /* InitializerBootcamp.swift */,
				7ADC17F52B86A55100CC1793 /* ForEachBootcamp.swift */,
				7ADC17F72B86A7DC00CC1793 /* ScrollViewBootcamp.swift */,
				7AE2EC062BA8C09D009CB019 /* SafeAreaBootcamp.swift */,
				7AE2EC082BA8C562009CB019 /* ButtonsBootcamp.swift */,
				7AE2EC0A2BA8CFCD009CB019 /* StateBootcamp.swift */,
				7AE2EC0C2BA8D1D4009CB019 /* ExtractedFunctionsBootcamp.swift */,
				7AE2EC0E2BA8D4AE009CB019 /* ExtractSubviewsBootcamp.swift */,
				7AE2EC102BA8D8F2009CB019 /* BindingBootcamp.swift */,
				7AE2EC122BA8DB4B009CB019 /* ConditionalBootcamp.swift */,
				7AE2EC142BA8DE82009CB019 /* TernaryBootcamp.swift */,
				7AE2EC162BA8F714009CB019 /* AnimationBootcamp.swift */,
				7AE2EC182BA8FA69009CB019 /* AnimationTimingBootcamp.swift */,
				7A48F09D2BAB91C3008A07BE /* TransitionBootcamp.swift */,
				7A48F09F2BAB9509008A07BE /* SheetsBootcamp.swift */,
				7A48F0A12BAD03BC008A07BE /* NavigationViewBootcamp.swift */,
				7A48F0A32BAD077F008A07BE /* ListsBootcamp.swift */,
				7A48F0A52BAF61D2008A07BE /* AlertsBootcamp.swift */,
				7A48F0A72BAF9543008A07BE /* ActionSheetsBootcamp.swift */,
				7A48F0A92BAFA3D8008A07BE /* ContextMenuBootcamp.swift */,
				7A48F0AB2BAFA615008A07BE /* TextFieldBootcamp.swift */,
				7A48F0AD2BAFA965008A07BE /* TextEditorBootcamp.swift */,
				7A48F0AF2BB0CBE2008A07BE /* ToggleBootcamp.swift */,
				7A48F0B12BB0CD09008A07BE /* PickerBootcamp.swift */,
				7A48F0B32BB0D34B008A07BE /* ColorPickerBootcamp.swift */,
				7A48F0B52BB0D479008A07BE /* DatePickerBootcamp.swift */,
				7A48F0B72BB0E9D5008A07BE /* StepperBootcamp.swift */,
				7A48F0B92BB0EB62008A07BE /* SliderBootcamp.swift */,
				7A48F0BB2BB0EE3A008A07BE /* TabViewBootcamp.swift */,
				7A48F0BD2BB0F23C008A07BE /* PageTabViewBootcamp.swift */,
				7A48F0BF2BB0F413008A07BE /* DarkModeBootcamp.swift */,
				7A48F0C12BB0F663008A07BE /* DocumentationBootcamp.swift */,
				7A48F0C32BB10344008A07BE /* OnAppearBootcamp.swift */,
				7A31666F2BB754770097A16E /* IfLetGuardBootcamp.swift */,
				7A3166712BB757E30097A16E /* TapGestureBootcamp.swift */,
				7A3166732BB759860097A16E /* ModelBootcamp.swift */,
				7A3166752BB784210097A16E /* ViewModelBootcamp.swift */,
				7A3166772BB78C810097A16E /* EnvironmentObjectBootcamp.swift */,
				7A3166792BB796C50097A16E /* AppStorageBootcamp.swift */,
				7A31667B2BB892070097A16E /* OnboardingViews */,
				7A3166842BB8B5770097A16E /* AsyncImageBootcamp.swift */,
				7A3166862BB8B8910097A16E /* BackgroundMaterialsBootcamp.swift */,
				7A3166882BB8BCFD0097A16E /* TextSelectionBootcamp.swift */,
				7A31668A2BB8C0A10097A16E /* ButtonStylesBootcamp.swift */,
				7A31668C2BB8C2D80097A16E /* ListSwipeActionsBootcamp.swift */,
				7A31668E2BB8C4A70097A16E /* BadgesBootcamp.swift */,
				7A3166902BB8C5E10097A16E /* FocusStateBootcamp.swift */,
				7A3166922BB8E91A0097A16E /* SubmitTextFieldBootcamp.swift */,
				7A3166942BB8EA6F0097A16E /* NavigationStackBootcamp.swift */,
				7A3166962BB8EED70097A16E /* ToolbarBootcamp.swift */,
				7A3166982BBB26E60097A16E /* ResizableSheetsBootcamp.swift */,
				7A31669A2BBB451F0097A16E /* SafeAreaInsetBootcamp.swift */,
				7A31669C2BBB474E0097A16E /* GroupBootcamp.swift */,
				7A31669E2BBB481F0097A16E /* AnimationsUpdatedBootcamp.swift */,
				7A3166A02BBB5F0C0097A16E /* MenuBootcamp.swift */,
				7A3166A22BBB62180097A16E /* NativePopoverBootcamp.swift */,
				7A3166A42BBB65EE0097A16E /* AnyLayoutBootcamp.swift */,
				7A3166A62BBB6B8A0097A16E /* ViewThatFitsBootcamp.swift */,
				7A3166A82BBB6DC20097A16E /* NavigationSplitViewBootcamp.swift */,
				7A18BCC82BBC813100026A1C /* GridViewBootcamp.swift */,
				7A18BCCA2BBC866D00026A1C /* ContentUnavailableViewBootcamp.swift */,
				7A18BCCC2BBC884500026A1C /* ControlGroupMenuBootcamp.swift */,
				7ABD31782B792A2700E2083C /* Assets.xcassets */,
				7ABD317A2B792A2700E2083C /* Preview Content */,
			);
			path = SwiftUI_Bootcamp;
			sourceTree = "<group>";
		};
		7ABD317A2B792A2700E2083C /* Preview Content */ = {
			isa = PBXGroup;
			children = (
				7ABD317B2B792A2700E2083C /* Preview Assets.xcassets */,
			);
			path = "Preview Content";
			sourceTree = "<group>";
		};
/* End PBXGroup section */

/* Begin PBXNativeTarget section */
		7ABD31702B792A2600E2083C /* SwiftUI_Bootcamp */ = {
			isa = PBXNativeTarget;
			buildConfigurationList = 7ABD317F2B792A2700E2083C /* Build configuration list for PBXNativeTarget "SwiftUI_Bootcamp" */;
			buildPhases = (
				7ABD316D2B792A2600E2083C /* Sources */,
				7ABD316E2B792A2600E2083C /* Frameworks */,
				7ABD316F2B792A2600E2083C /* Resources */,
			);
			buildRules = (
			);
			dependencies = (
			);
			name = SwiftUI_Bootcamp;
			productName = SwiftUI_Bootcamp;
			productReference = 7ABD31712B792A2600E2083C /* SwiftUI_Bootcamp.app */;
			productType = "com.apple.product-type.application";
		};
/* End PBXNativeTarget section */

/* Begin PBXProject section */
		7ABD31692B792A2600E2083C /* Project object */ = {
			isa = PBXProject;
			attributes = {
				BuildIndependentTargetsInParallel = 1;
				LastSwiftUpdateCheck = 1500;
				LastUpgradeCheck = 1500;
				TargetAttributes = {
					7ABD31702B792A2600E2083C = {
						CreatedOnToolsVersion = 15.0.1;
					};
				};
			};
			buildConfigurationList = 7ABD316C2B792A2600E2083C /* Build configuration list for PBXProject "SwiftUI_Bootcamp" */;
			compatibilityVersion = "Xcode 14.0";
			developmentRegion = en;
			hasScannedForEncodings = 0;
			knownRegions = (
				en,
				Base,
			);
			mainGroup = 7ABD31682B792A2600E2083C;
			productRefGroup = 7ABD31722B792A2600E2083C /* Products */;
			projectDirPath = "";
			projectRoot = "";
			targets = (
				7ABD31702B792A2600E2083C /* SwiftUI_Bootcamp */,
			);
		};
/* End PBXProject section */

/* Begin PBXResourcesBuildPhase section */
		7ABD316F2B792A2600E2083C /* Resources */ = {
			isa = PBXResourcesBuildPhase;
			buildActionMask = 2147483647;
			files = (
				7ABD317C2B792A2700E2083C /* Preview Assets.xcassets in Resources */,
				7ABD31792B792A2700E2083C /* Assets.xcassets in Resources */,
			);
			runOnlyForDeploymentPostprocessing = 0;
		};
/* End PBXResourcesBuildPhase section */

/* Begin PBXSourcesBuildPhase section */
		7ABD316D2B792A2600E2083C /* Sources */ = {
			isa = PBXSourcesBuildPhase;
			buildActionMask = 2147483647;
			files = (
				7A3166972BB8EED70097A16E /* ToolbarBootcamp.swift in Sources */,
				7A18BCCD2BBC884500026A1C /* ControlGroupMenuBootcamp.swift in Sources */,
				7A48F0B62BB0D479008A07BE /* DatePickerBootcamp.swift in Sources */,
				7A48F09E2BAB91C3008A07BE /* TransitionBootcamp.swift in Sources */,
				7ABD31892B79383800E2083C /* GradientsBootcamp.swift in Sources */,
				7ABD31912B79773900E2083C /* BackgroundAndOverlayBootcamp.swift in Sources */,
				7AE2EC132BA8DB4B009CB019 /* ConditionalBootcamp.swift in Sources */,
				7ADC17F82B86A7DC00CC1793 /* ScrollViewBootcamp.swift in Sources */,
				7A3166702BB754770097A16E /* IfLetGuardBootcamp.swift in Sources */,
				7ABD31952B7A9F4000E2083C /* PaddingAndSpacerBootcamp.swift in Sources */,
				7A48F0B02BB0CBE2008A07BE /* ToggleBootcamp.swift in Sources */,
				7ABD31872B79333200E2083C /* ColorsBootcamp.swift in Sources */,
				7ABD318F2B79751000E2083C /* FrameBootcamp.swift in Sources */,
				7A3166A92BBB6DC20097A16E /* NavigationSplitViewBootcamp.swift in Sources */,
				7A48F0A02BAB9509008A07BE /* SheetsBootcamp.swift in Sources */,
				7A48F0A62BAF61D2008A07BE /* AlertsBootcamp.swift in Sources */,
				7AE2EC0B2BA8CFCD009CB019 /* StateBootcamp.swift in Sources */,
				7A31667A2BB796C50097A16E /* AppStorageBootcamp.swift in Sources */,
				7A48F0A42BAD077F008A07BE /* ListsBootcamp.swift in Sources */,
				7A3166832BB89F870097A16E /* ProfilePageView.swift in Sources */,
				7A3166852BB8B5770097A16E /* AsyncImageBootcamp.swift in Sources */,
				7A48F0C42BB10344008A07BE /* OnAppearBootcamp.swift in Sources */,
				7ADC17F42B86A1E300CC1793 /* InitializerBootcamp.swift in Sources */,
				7A31668F2BB8C4A70097A16E /* BadgesBootcamp.swift in Sources */,
				7ABD318D2B793F2700E2083C /* ImagesBootcamp.swift in Sources */,
				7AE2EC092BA8C562009CB019 /* ButtonsBootcamp.swift in Sources */,
				7A31669D2BBB474E0097A16E /* GroupBootcamp.swift in Sources */,
				7AE2EC072BA8C09D009CB019 /* SafeAreaBootcamp.swift in Sources */,
				7A31668D2BB8C2D80097A16E /* ListSwipeActionsBootcamp.swift in Sources */,
				7ABD31852B79305200E2083C /* ShapesBootcamp.swift in Sources */,
				7A3166742BB759860097A16E /* ModelBootcamp.swift in Sources */,
				7A48F0BC2BB0EE3A008A07BE /* TabViewBootcamp.swift in Sources */,
				7A48F0AA2BAFA3D8008A07BE /* ContextMenuBootcamp.swift in Sources */,
				7A48F0BE2BB0F23C008A07BE /* PageTabViewBootcamp.swift in Sources */,
				7A31668B2BB8C0A10097A16E /* ButtonStylesBootcamp.swift in Sources */,
				7A18BCCB2BBC866D00026A1C /* ContentUnavailableViewBootcamp.swift in Sources */,
				7A48F0AC2BAFA615008A07BE /* TextFieldBootcamp.swift in Sources */,
				7ADC17F62B86A55100CC1793 /* ForEachBootcamp.swift in Sources */,
				7A48F0A22BAD03BC008A07BE /* NavigationViewBootcamp.swift in Sources */,
				7ABD31772B792A2600E2083C /* ContentView.swift in Sources */,
				7A31669B2BBB451F0097A16E /* SafeAreaInsetBootcamp.swift in Sources */,
				7A48F0A82BAF9543008A07BE /* ActionSheetsBootcamp.swift in Sources */,
				7AE2EC112BA8D8F2009CB019 /* BindingBootcamp.swift in Sources */,
				7A3166A32BBB62180097A16E /* NativePopoverBootcamp.swift in Sources */,
				7A3166892BB8BCFD0097A16E /* TextSelectionBootcamp.swift in Sources */,
				7A48F0B22BB0CD09008A07BE /* PickerBootcamp.swift in Sources */,
				7A48F0C02BB0F413008A07BE /* DarkModeBootcamp.swift in Sources */,
				7AE2EC0D2BA8D1D4009CB019 /* ExtractedFunctionsBootcamp.swift in Sources */,
				7A3166A52BBB65EE0097A16E /* AnyLayoutBootcamp.swift in Sources */,
				7AE2EC192BA8FA69009CB019 /* AnimationTimingBootcamp.swift in Sources */,
				7ABD31832B792C8100E2083C /* TextBootcamp.swift in Sources */,
				7A3166912BB8C5E10097A16E /* FocusStateBootcamp.swift in Sources */,
				7AE2EC152BA8DE82009CB019 /* TernaryBootcamp.swift in Sources */,
				7A48F0BA2BB0EB62008A07BE /* SliderBootcamp.swift in Sources */,
				7A31667F2BB892DC0097A16E /* OnboardingView.swift in Sources */,
				7AE2EC0F2BA8D4AE009CB019 /* ExtractSubviewsBootcamp.swift in Sources */,
				7A48F0B82BB0E9D5008A07BE /* StepperBootcamp.swift in Sources */,
				7ABD31932B7A9B8C00E2083C /* StacksBootcamp.swift in Sources */,
				7A48F0C22BB0F663008A07BE /* DocumentationBootcamp.swift in Sources */,
				7A3166952BB8EA6F0097A16E /* NavigationStackBootcamp.swift in Sources */,
				7ADC17F22B869E5900CC1793 /* SpacerBootcamp.swift in Sources */,
				7A3166762BB784210097A16E /* ViewModelBootcamp.swift in Sources */,
				7ABD31752B792A2600E2083C /* SwiftUI_BootcampApp.swift in Sources */,
				7A3166872BB8B8910097A16E /* BackgroundMaterialsBootcamp.swift in Sources */,
				7A48F0B42BB0D34B008A07BE /* ColorPickerBootcamp.swift in Sources */,
				7A31669F2BBB481F0097A16E /* AnimationsUpdatedBootcamp.swift in Sources */,
				7A3166992BBB26E60097A16E /* ResizableSheetsBootcamp.swift in Sources */,
				7A31667D2BB8921F0097A16E /* IntroView.swift in Sources */,
				7A3166722BB757E30097A16E /* TapGestureBootcamp.swift in Sources */,
				7A3166932BB8E91A0097A16E /* SubmitTextFieldBootcamp.swift in Sources */,
				7A48F0AE2BAFA965008A07BE /* TextEditorBootcamp.swift in Sources */,
				7A18BCC92BBC813100026A1C /* GridViewBootcamp.swift in Sources */,
				7A3166A72BBB6B8A0097A16E /* ViewThatFitsBootcamp.swift in Sources */,
				7AE2EC172BA8F714009CB019 /* AnimationBootcamp.swift in Sources */,
				7ABD318B2B793CFC00E2083C /* IconsBootcamp.swift in Sources */,
				7A3166782BB78C810097A16E /* EnvironmentObjectBootcamp.swift in Sources */,
				7A3166A12BBB5F0C0097A16E /* MenuBootcamp.swift in Sources */,
			);
			runOnlyForDeploymentPostprocessing = 0;
		};
/* End PBXSourcesBuildPhase section */

/* Begin XCBuildConfiguration section */
		7ABD317D2B792A2700E2083C /* Debug */ = {
			isa = XCBuildConfiguration;
			buildSettings = {
				ALWAYS_SEARCH_USER_PATHS = NO;
				ASSETCATALOG_COMPILER_GENERATE_SWIFT_ASSET_SYMBOL_EXTENSIONS = YES;
				CLANG_ANALYZER_NONNULL = YES;
				CLANG_ANALYZER_NUMBER_OBJECT_CONVERSION = YES_AGGRESSIVE;
				CLANG_CXX_LANGUAGE_STANDARD = "gnu++20";
				CLANG_ENABLE_MODULES = YES;
				CLANG_ENABLE_OBJC_ARC = YES;
				CLANG_ENABLE_OBJC_WEAK = YES;
				CLANG_WARN_BLOCK_CAPTURE_AUTORELEASING = YES;
				CLANG_WARN_BOOL_CONVERSION = YES;
				CLANG_WARN_COMMA = YES;
				CLANG_WARN_CONSTANT_CONVERSION = YES;
				CLANG_WARN_DEPRECATED_OBJC_IMPLEMENTATIONS = YES;
				CLANG_WARN_DIRECT_OBJC_ISA_USAGE = YES_ERROR;
				CLANG_WARN_DOCUMENTATION_COMMENTS = YES;
				CLANG_WARN_EMPTY_BODY = YES;
				CLANG_WARN_ENUM_CONVERSION = YES;
				CLANG_WARN_INFINITE_RECURSION = YES;
				CLANG_WARN_INT_CONVERSION = YES;
				CLANG_WARN_NON_LITERAL_NULL_CONVERSION = YES;
				CLANG_WARN_OBJC_IMPLICIT_RETAIN_SELF = YES;
				CLANG_WARN_OBJC_LITERAL_CONVERSION = YES;
				CLANG_WARN_OBJC_ROOT_CLASS = YES_ERROR;
				CLANG_WARN_QUOTED_INCLUDE_IN_FRAMEWORK_HEADER = YES;
				CLANG_WARN_RANGE_LOOP_ANALYSIS = YES;
				CLANG_WARN_STRICT_PROTOTYPES = YES;
				CLANG_WARN_SUSPICIOUS_MOVE = YES;
				CLANG_WARN_UNGUARDED_AVAILABILITY = YES_AGGRESSIVE;
				CLANG_WARN_UNREACHABLE_CODE = YES;
				CLANG_WARN__DUPLICATE_METHOD_MATCH = YES;
				COPY_PHASE_STRIP = NO;
				DEBUG_INFORMATION_FORMAT = dwarf;
				ENABLE_STRICT_OBJC_MSGSEND = YES;
				ENABLE_TESTABILITY = YES;
				ENABLE_USER_SCRIPT_SANDBOXING = YES;
				GCC_C_LANGUAGE_STANDARD = gnu17;
				GCC_DYNAMIC_NO_PIC = NO;
				GCC_NO_COMMON_BLOCKS = YES;
				GCC_OPTIMIZATION_LEVEL = 0;
				GCC_PREPROCESSOR_DEFINITIONS = (
					"DEBUG=1",
					"$(inherited)",
				);
				GCC_WARN_64_TO_32_BIT_CONVERSION = YES;
				GCC_WARN_ABOUT_RETURN_TYPE = YES_ERROR;
				GCC_WARN_UNDECLARED_SELECTOR = YES;
				GCC_WARN_UNINITIALIZED_AUTOS = YES_AGGRESSIVE;
				GCC_WARN_UNUSED_FUNCTION = YES;
				GCC_WARN_UNUSED_VARIABLE = YES;
				IPHONEOS_DEPLOYMENT_TARGET = 17.0;
				LOCALIZATION_PREFERS_STRING_CATALOGS = YES;
				MTL_ENABLE_DEBUG_INFO = INCLUDE_SOURCE;
				MTL_FAST_MATH = YES;
				ONLY_ACTIVE_ARCH = YES;
				SDKROOT = iphoneos;
				SWIFT_ACTIVE_COMPILATION_CONDITIONS = "DEBUG $(inherited)";
				SWIFT_OPTIMIZATION_LEVEL = "-Onone";
			};
			name = Debug;
		};
		7ABD317E2B792A2700E2083C /* Release */ = {
			isa = XCBuildConfiguration;
			buildSettings = {
				ALWAYS_SEARCH_USER_PATHS = NO;
				ASSETCATALOG_COMPILER_GENERATE_SWIFT_ASSET_SYMBOL_EXTENSIONS = YES;
				CLANG_ANALYZER_NONNULL = YES;
				CLANG_ANALYZER_NUMBER_OBJECT_CONVERSION = YES_AGGRESSIVE;
				CLANG_CXX_LANGUAGE_STANDARD = "gnu++20";
				CLANG_ENABLE_MODULES = YES;
				CLANG_ENABLE_OBJC_ARC = YES;
				CLANG_ENABLE_OBJC_WEAK = YES;
				CLANG_WARN_BLOCK_CAPTURE_AUTORELEASING = YES;
				CLANG_WARN_BOOL_CONVERSION = YES;
				CLANG_WARN_COMMA = YES;
				CLANG_WARN_CONSTANT_CONVERSION = YES;
				CLANG_WARN_DEPRECATED_OBJC_IMPLEMENTATIONS = YES;
				CLANG_WARN_DIRECT_OBJC_ISA_USAGE = YES_ERROR;
				CLANG_WARN_DOCUMENTATION_COMMENTS = YES;
				CLANG_WARN_EMPTY_BODY = YES;
				CLANG_WARN_ENUM_CONVERSION = YES;
				CLANG_WARN_INFINITE_RECURSION = YES;
				CLANG_WARN_INT_CONVERSION = YES;
				CLANG_WARN_NON_LITERAL_NULL_CONVERSION = YES;
				CLANG_WARN_OBJC_IMPLICIT_RETAIN_SELF = YES;
				CLANG_WARN_OBJC_LITERAL_CONVERSION = YES;
				CLANG_WARN_OBJC_ROOT_CLASS = YES_ERROR;
				CLANG_WARN_QUOTED_INCLUDE_IN_FRAMEWORK_HEADER = YES;
				CLANG_WARN_RANGE_LOOP_ANALYSIS = YES;
				CLANG_WARN_STRICT_PROTOTYPES = YES;
				CLANG_WARN_SUSPICIOUS_MOVE = YES;
				CLANG_WARN_UNGUARDED_AVAILABILITY = YES_AGGRESSIVE;
				CLANG_WARN_UNREACHABLE_CODE = YES;
				CLANG_WARN__DUPLICATE_METHOD_MATCH = YES;
				COPY_PHASE_STRIP = NO;
				DEBUG_INFORMATION_FORMAT = "dwarf-with-dsym";
				ENABLE_NS_ASSERTIONS = NO;
				ENABLE_STRICT_OBJC_MSGSEND = YES;
				ENABLE_USER_SCRIPT_SANDBOXING = YES;
				GCC_C_LANGUAGE_STANDARD = gnu17;
				GCC_NO_COMMON_BLOCKS = YES;
				GCC_WARN_64_TO_32_BIT_CONVERSION = YES;
				GCC_WARN_ABOUT_RETURN_TYPE = YES_ERROR;
				GCC_WARN_UNDECLARED_SELECTOR = YES;
				GCC_WARN_UNINITIALIZED_AUTOS = YES_AGGRESSIVE;
				GCC_WARN_UNUSED_FUNCTION = YES;
				GCC_WARN_UNUSED_VARIABLE = YES;
				IPHONEOS_DEPLOYMENT_TARGET = 17.0;
				LOCALIZATION_PREFERS_STRING_CATALOGS = YES;
				MTL_ENABLE_DEBUG_INFO = NO;
				MTL_FAST_MATH = YES;
				SDKROOT = iphoneos;
				SWIFT_COMPILATION_MODE = wholemodule;
				VALIDATE_PRODUCT = YES;
			};
			name = Release;
		};
		7ABD31802B792A2700E2083C /* Debug */ = {
			isa = XCBuildConfiguration;
			buildSettings = {
				ASSETCATALOG_COMPILER_APPICON_NAME = AppIcon;
				ASSETCATALOG_COMPILER_GLOBAL_ACCENT_COLOR_NAME = AccentColor;
				CODE_SIGN_STYLE = Automatic;
				CURRENT_PROJECT_VERSION = 1;
				DEVELOPMENT_ASSET_PATHS = "\"SwiftUI_Bootcamp/Preview Content\"";
				ENABLE_PREVIEWS = YES;
				GENERATE_INFOPLIST_FILE = YES;
				INFOPLIST_KEY_UIApplicationSceneManifest_Generation = YES;
				INFOPLIST_KEY_UIApplicationSupportsIndirectInputEvents = YES;
				INFOPLIST_KEY_UILaunchScreen_Generation = YES;
				INFOPLIST_KEY_UISupportedInterfaceOrientations_iPad = "UIInterfaceOrientationPortrait UIInterfaceOrientationPortraitUpsideDown UIInterfaceOrientationLandscapeLeft UIInterfaceOrientationLandscapeRight";
				INFOPLIST_KEY_UISupportedInterfaceOrientations_iPhone = "UIInterfaceOrientationPortrait UIInterfaceOrientationLandscapeLeft UIInterfaceOrientationLandscapeRight";
				LD_RUNPATH_SEARCH_PATHS = (
					"$(inherited)",
					"@executable_path/Frameworks",
				);
				MARKETING_VERSION = 1.0;
				PRODUCT_BUNDLE_IDENTIFIER = "com.ercelserhat.SwiftUI-Bootcamp";
				PRODUCT_NAME = "$(TARGET_NAME)";
				SWIFT_EMIT_LOC_STRINGS = YES;
				SWIFT_VERSION = 5.0;
				TARGETED_DEVICE_FAMILY = "1,2";
			};
			name = Debug;
		};
		7ABD31812B792A2700E2083C /* Release */ = {
			isa = XCBuildConfiguration;
			buildSettings = {
				ASSETCATALOG_COMPILER_APPICON_NAME = AppIcon;
				ASSETCATALOG_COMPILER_GLOBAL_ACCENT_COLOR_NAME = AccentColor;
				CODE_SIGN_STYLE = Automatic;
				CURRENT_PROJECT_VERSION = 1;
				DEVELOPMENT_ASSET_PATHS = "\"SwiftUI_Bootcamp/Preview Content\"";
				ENABLE_PREVIEWS = YES;
				GENERATE_INFOPLIST_FILE = YES;
				INFOPLIST_KEY_UIApplicationSceneManifest_Generation = YES;
				INFOPLIST_KEY_UIApplicationSupportsIndirectInputEvents = YES;
				INFOPLIST_KEY_UILaunchScreen_Generation = YES;
				INFOPLIST_KEY_UISupportedInterfaceOrientations_iPad = "UIInterfaceOrientationPortrait UIInterfaceOrientationPortraitUpsideDown UIInterfaceOrientationLandscapeLeft UIInterfaceOrientationLandscapeRight";
				INFOPLIST_KEY_UISupportedInterfaceOrientations_iPhone = "UIInterfaceOrientationPortrait UIInterfaceOrientationLandscapeLeft UIInterfaceOrientationLandscapeRight";
				LD_RUNPATH_SEARCH_PATHS = (
					"$(inherited)",
					"@executable_path/Frameworks",
				);
				MARKETING_VERSION = 1.0;
				PRODUCT_BUNDLE_IDENTIFIER = "com.ercelserhat.SwiftUI-Bootcamp";
				PRODUCT_NAME = "$(TARGET_NAME)";
				SWIFT_EMIT_LOC_STRINGS = YES;
				SWIFT_VERSION = 5.0;
				TARGETED_DEVICE_FAMILY = "1,2";
			};
			name = Release;
		};
/* End XCBuildConfiguration section */

/* Begin XCConfigurationList section */
		7ABD316C2B792A2600E2083C /* Build configuration list for PBXProject "SwiftUI_Bootcamp" */ = {
			isa = XCConfigurationList;
			buildConfigurations = (
				7ABD317D2B792A2700E2083C /* Debug */,
				7ABD317E2B792A2700E2083C /* Release */,
			);
			defaultConfigurationIsVisible = 0;
			defaultConfigurationName = Release;
		};
		7ABD317F2B792A2700E2083C /* Build configuration list for PBXNativeTarget "SwiftUI_Bootcamp" */ = {
			isa = XCConfigurationList;
			buildConfigurations = (
				7ABD31802B792A2700E2083C /* Debug */,
				7ABD31812B792A2700E2083C /* Release */,
			);
			defaultConfigurationIsVisible = 0;
			defaultConfigurationName = Release;
		};
/* End XCConfigurationList section */
	};
	rootObject = 7ABD31692B792A2600E2083C /* Project object */;
}
